
Microsoft Visual Studio Solution File, Format Version 12.00
# Visual Studio Version 16
VisualStudioVersion = 16.0.34601.136
MinimumVisualStudioVersion = 10.0.40219.1
Project("{FAE04EC0-301F-11D3-BF4B-00C04F79EFBC}") = "Naterial", "Naterial\Naterial.csproj", "{E2B9EE81-BD5E-4235-8705-4BC5D69C3D6F}"
EndProject
Project("{FAE04EC0-301F-11D3-BF4B-00C04F79EFBC}") = "Naterial.Demo", "Naterial.Demo\Naterial.Demo.csproj", "{7BF84998-111A-488B-87F9-009F57A065A9}"
EndProject
Global
	GlobalSection(SolutionConfigurationPlatforms) = preSolution
		Debug|Any CPU = Debug|Any CPU
		Release|Any CPU = Release|Any CPU
	EndGlobalSection
	GlobalSection(ProjectConfigurationPlatforms) = postSolution
		{E2B9EE81-BD5E-4235-8705-4BC5D69C3D6F}.Debug|Any CPU.ActiveCfg = Debug|Any CPU
		{E2B9EE81-BD5E-4235-8705-4BC5D69C3D6F}.Debug|Any CPU.Build.0 = Debug|Any CPU
		{E2B9EE81-BD5E-4235-8705-4BC5D69C3D6F}.Release|Any CPU.ActiveCfg = Release|Any CPU
		{E2B9EE81-BD5E-4235-8705-4BC5D69C3D6F}.Release|Any CPU.Build.0 = Release|Any CPU
		{7BF84998-111A-488B-87F9-009F57A065A9}.Debug|Any CPU.ActiveCfg = Debug|Any CPU
		{7BF84998-111A-488B-87F9-009F57A065A9}.Debug|Any CPU.Build.0 = Debug|Any CPU
		{7BF84998-111A-488B-87F9-009F57A065A9}.Release|Any CPU.ActiveCfg = Release|Any CPU
		{7BF84998-111A-488B-87F9-009F57A065A9}.Release|Any CPU.Build.0 = Release|Any CPU
	EndGlobalSection
	GlobalSection(SolutionProperties) = preSolution
		HideSolutionNode = FALSE
	EndGlobalSection
	GlobalSection(ExtensibilityGlobals) = postSolution
		SolutionGuid = {CC712E78-5199-4211-BD27-4E11EDCA534B}
	EndGlobalSection
EndGlobal
